{
    "hash": "c85658d955513633d57da708441c9095",
    "packages": [
        {
            "name": "Respect/Rest",
            "version": "0.5.1",
            "source": {
                "type": "git",
                "url": "git://github.com/Respect/Rest.git",
                "reference": "0.5.1"
            },
            "dist": {
                "type": "zip",
                "url": "https://github.com/Respect/Rest/zipball/0.5.1",
                "reference": "0.5.1",
                "shasum": ""
            },
            "time": "2012-09-16 23:16:41",
            "type": "library",
            "installation-source": "dist",
            "autoload": {
                "psr-0": {
                    "Respect\\Rest": "library/"
                }
            },
            "notification-url": "https://packagist.org/downloads/",
            "license": [
                "BSD Style"
            ],
            "authors": [
                {
                    "name": "Henrique Moody",
                    "email": "henriquemoody@gmail.com",
                    "homepage": "http://henriquemoody.com/"
                },
                {
                    "name": "Alexandre Gomes Gaigalas",
                    "email": "alexandre@gaigalas.net"
                },
                {
                    "name": "Augusto Pascutti",
                    "email": "contato@augustopascutti.com"
                },
                {
                    "name": "Alexandre Gaigalas",
                    "email": "alganet@alganet-workstation.(none)"
                },
                {
                    "name": "kleberhs007",
                    "email": "kleberhs007@yahoo.com"
                },
                {
                    "name": "Leandro",
                    "email": "lleitep3@gmail.com"
                },
                {
                    "name": "Rogerio Prado de Jesus",
                    "email": "rogeriopradoj@gmail.com"
                },
                {
                    "name": "Alexandre Gaigalas",
                    "email": "alexandre@gaiaglas.net"
                },
                {
                    "name": "Anderson Casimiro",
                    "email": "duodraco@duo.draco"
                },
                {
                    "name": "Anderson Casimiro",
                    "email": "duodraco@gmail.com"
                },
                {
                    "name": "Augusto Pascutti",
                    "email": "augusto@phpsp.org.br"
                },
                {
                    "name": "Ben Ramsey",
                    "email": "ben@benramsey.com"
                },
                {
                    "name": "eduardomarcate",
                    "email": "eduardo@marcate.info"
                },
                {
                    "name": "Eduardo M. Garcia",
                    "email": "eduardo@debian.elam"
                },
                {
                    "name": "Nick Rawe",
                    "email": "nickrawe2@gmail.com"
                },
                {
                    "name": "Pablo Lacerda de Miranda",
                    "email": "pablolmiranda@gmail.com"
                },
                {
                    "name": "wesleyvicthor",
                    "email": "w.v.mendes.s@gmail.com"
                }
            ],
            "description": "Thin controller for RESTful applications"
        },
        {
            "name": "caseyamcl/MongoRecord",
            "version": "dev-master",
            "source": {
                "type": "git",
                "url": "https://github.com/caseyamcl/MongoRecord.git",
                "reference": "f621de251f5c9b92829840aa6510addea24924e5"
            },
            "dist": {
                "type": "zip",
                "url": "https://github.com/caseyamcl/MongoRecord/archive/f621de251f5c9b92829840aa6510addea24924e5.zip",
                "reference": "f621de251f5c9b92829840aa6510addea24924e5",
                "shasum": ""
            },
            "require": {
                "php": ">=5.3.0"
            },
            "time": "2012-09-14 14:34:15",
            "type": "library",
            "installation-source": "source",
            "autoload": {
                "classmap": [
                    "lib/"
                ]
            },
            "notification-url": "https://packagist.org/downloads/",
            "license": [
                "MIT"
            ],
            "description": "Customized clone of the original MongoRecord library (https://github.com/lunaru/MongoRecord)",
            "homepage": "https://github.com/caseyamcl/MongoRecord",
            "keywords": [
                "mongodb",
                "db",
                "odm"
            ]
        }
    ],
    "packages-dev": null,
    "aliases": [

    ],
    "minimum-stability": "stable",
    "stability-flags": {
        "caseyamcl/mongorecord": 20
    }
}
